
Microsoft Visual Studio Solution File, Format Version 12.00
# Visual Studio 15
VisualStudioVersion = 15.0.27004.2006
MinimumVisualStudioVersion = 10.0.40219.1
Project("{FAE04EC0-301F-11D3-BF4B-00C04F79EFBC}") = "WebEF", "WebEF\WebEF.csproj", "{DC0F8F5F-7174-4252-8314-7C8271D25FCE}"
EndProject
Global
	GlobalSection(SolutionConfigurationPlatforms) = preSolution
		Debug|Any CPU = Debug|Any CPU
		Release|Any CPU = Release|Any CPU
	EndGlobalSection
	GlobalSection(ProjectConfigurationPlatforms) = postSolution
		{DC0F8F5F-7174-4252-8314-7C8271D25FCE}.Debug|Any CPU.ActiveCfg = Debug|Any CPU
		{DC0F8F5F-7174-4252-8314-7C8271D25FCE}.Debug|Any CPU.Build.0 = Debug|Any CPU
		{DC0F8F5F-7174-4252-8314-7C8271D25FCE}.Release|Any CPU.ActiveCfg = Release|Any CPU
		{DC0F8F5F-7174-4252-8314-7C8271D25FCE}.Release|Any CPU.Build.0 = Release|Any CPU
	EndGlobalSection
	GlobalSection(SolutionProperties) = preSolution
		HideSolutionNode = FALSE
	EndGlobalSection
	GlobalSection(ExtensibilityGlobals) = postSolution
		SolutionGuid = {1161C156-17CE-4E48-83A0-03CDB7DEB618}
	EndGlobalSection
EndGlobal
